// !$*UTF8*$!
{
	archiveVersion = 1;
	classes = {
	};
	objectVersion = 46;
	objects = {

/* Begin PBXBuildFile section */
		9C1027B013D9EDFD00B3A7A2 /* Foundation.framework in Frameworks */ = {isa = PBXBuildFile; fileRef = 9C1027AF13D9EDFD00B3A7A2 /* Foundation.framework */; };
		9C1027B313D9EDFD00B3A7A2 /* main.m in Sources */ = {isa = PBXBuildFile; fileRef = 9C1027B213D9EDFD00B3A7A2 /* main.m */; };
/* End PBXBuildFile section */

/* Begin PBXCopyFilesBuildPhase section */
		9C1027A913D9EDFD00B3A7A2 /* CopyFiles */ = {
			isa = PBXCopyFilesBuildPhase;
			buildActionMask = 2147483647;
			dstPath = /usr/share/man/man1/;
			dstSubfolderSpec = 0;
			files = (
			);
			runOnlyForDeploymentPostprocessing = 1;
		};
/* End PBXCopyFilesBuildPhase section */

/* Begin PBXFileReference section */
		9C1027AB13D9EDFD00B3A7A2 /* degrees_switcher */ = {isa = PBXFileReference; explicitFileType = "compiled.mach-o.executable"; includeInIndex = 0; path = degrees_switcher; sourceTree = BUILT_PRODUCTS_DIR; };
		9C1027AF13D9EDFD00B3A7A2 /* Foundation.framework */ = {isa = PBXFileReference; lastKnownFileType = wrapper.framework; name = Foundation.framework; path = System/Library/Frameworks/Foundation.framework; sourceTree = SDKROOT; };
		9C1027B213D9EDFD00B3A7A2 /* main.m */ = {isa = PBXFileReference; lastKnownFileType = sourcecode.c.objc; path = main.m; sourceTree = "<group>"; };
		9C1027B513D9EDFD00B3A7A2 /* degrees_switcher-Prefix.pch */ = {isa = PBXFileReference; lastKnownFileType = sourcecode.c.h; path = "degrees_switcher-Prefix.pch"; sourceTree = "<group>"; };
		9C1027B613D9EDFD00B3A7A2 /* degrees_switcher.1 */ = {isa = PBXFileReference; lastKnownFileType = text.man; path = degrees_switcher.1; sourceTree = "<group>"; };
/* End PBXFileReference section */

/* Begin PBXFrameworksBuildPhase section */
		9C1027A813D9EDFD00B3A7A2 /* Frameworks */ = {
			isa = PBXFrameworksBuildPhase;
			buildActionMask = 2147483647;
			files = (
				9C1027B013D9EDFD00B3A7A2 /* Foundation.framework in Frameworks */,
			);
			runOnlyForDeploymentPostprocessing = 0;
		};
/* End PBXFrameworksBuildPhase section */

/* Begin PBXGroup section */
		9C1027A013D9EDFD00B3A7A2 = {
			isa = PBXGroup;
			children = (
				9C1027B113D9EDFD00B3A7A2 /* degrees_switcher */,
				9C1027AE13D9EDFD00B3A7A2 /* Frameworks */,
				9C1027AC13D9EDFD00B3A7A2 /* Products */,
			);
			sourceTree = "<group>";
		};
		9C1027AC13D9EDFD00B3A7A2 /* Products */ = {
			isa = PBXGroup;
			children = (
				9C1027AB13D9EDFD00B3A7A2 /* degrees_switcher */,
			);
			name = Products;
			sourceTree = "<group>";
		};
		9C1027AE13D9EDFD00B3A7A2 /* Frameworks */ = {
			isa = PBXGroup;
			children = (
				9C1027AF13D9EDFD00B3A7A2 /* Foundation.framework */,
			);
			name = Frameworks;
			sourceTree = "<group>";
		};
		9C1027B113D9EDFD00B3A7A2 /* degrees_switcher */ = {
			isa = PBXGroup;
			children = (
				9C1027B213D9EDFD00B3A7A2 /* main.m */,
				9C1027B613D9EDFD00B3A7A2 /* degrees_switcher.1 */,
				9C1027B413D9EDFD00B3A7A2 /* Supporting Files */,
			);
			path = degrees_switcher;
			sourceTree = "<group>";
		};
		9C1027B413D9EDFD00B3A7A2 /* Supporting Files */ = {
			isa = PBXGroup;
			children = (
				9C1027B513D9EDFD00B3A7A2 /* degrees_switcher-Prefix.pch */,
			);
			name = "Supporting Files";
			sourceTree = "<group>";
		};
/* End PBXGroup section */

/* Begin PBXNativeTarget section */
		9C1027AA13D9EDFD00B3A7A2 /* degrees_switcher */ = {
			isa = PBXNativeTarget;
			buildConfigurationList = 9C1027B913D9EDFD00B3A7A2 /* Build configuration list for PBXNativeTarget "degrees_switcher" */;
			buildPhases = (
				9C1027A713D9EDFD00B3A7A2 /* Sources */,
				9C1027A813D9EDFD00B3A7A2 /* Frameworks */,
				9C1027A913D9EDFD00B3A7A2 /* CopyFiles */,
			);
			buildRules = (
			);
			dependencies = (
			);
			name = degrees_switcher;
			productName = degrees_switcher;
			productReference = 9C1027AB13D9EDFD00B3A7A2 /* degrees_switcher */;
			productType = "com.apple.product-type.tool";
		};
/* End PBXNativeTarget section */

/* Begin PBXProject section */
		9C1027A213D9EDFD00B3A7A2 /* Project object */ = {
			isa = PBXProject;
			attributes = {
				ORGANIZATIONNAME = "Convo Communications";
			};
			buildConfigurationList = 9C1027A513D9EDFD00B3A7A2 /* Build configuration list for PBXProject "degrees_switcher" */;
			compatibilityVersion = "Xcode 3.2";
			developmentRegion = English;
			hasScannedForEncodings = 0;
			knownRegions = (
				en,
			);
			mainGroup = 9C1027A013D9EDFD00B3A7A2;
			productRefGroup = 9C1027AC13D9EDFD00B3A7A2 /* Products */;
			projectDirPath = "";
			projectRoot = "";
			targets = (
				9C1027AA13D9EDFD00B3A7A2 /* degrees_switcher */,
			);
		};
/* End PBXProject section */

/* Begin PBXSourcesBuildPhase section */
		9C1027A713D9EDFD00B3A7A2 /* Sources */ = {
			isa = PBXSourcesBuildPhase;
			buildActionMask = 2147483647;
			files = (
				9C1027B313D9EDFD00B3A7A2 /* main.m in Sources */,
			);
			runOnlyForDeploymentPostprocessing = 0;
		};
/* End PBXSourcesBuildPhase section */

/* Begin XCBuildConfiguration section */
		9C1027B713D9EDFD00B3A7A2 /* Debug */ = {
			isa = XCBuildConfiguration;
			buildSettings = {
				ARCHS = "$(ARCHS_STANDARD_32_64_BIT)";
				GCC_C_LANGUAGE_STANDARD = gnu99;
				GCC_OPTIMIZATION_LEVEL = 0;
				GCC_PREPROCESSOR_DEFINITIONS = DEBUG;
				GCC_SYMBOLS_PRIVATE_EXTERN = NO;
				GCC_VERSION = com.apple.compilers.llvm.clang.1_0;
				GCC_WARN_64_TO_32_BIT_CONVERSION = YES;
				GCC_WARN_ABOUT_RETURN_TYPE = YES;
				GCC_WARN_UNUSED_VARIABLE = YES;
				MACOSX_DEPLOYMENT_TARGET = 10.6;
				ONLY_ACTIVE_ARCH = YES;
				SDKROOT = macosx;
			};
			name = Debug;
		};
		9C1027B813D9EDFD00B3A7A2 /* Release */ = {
			isa = XCBuildConfiguration;
			buildSettings = {
				ARCHS = "$(ARCHS_STANDARD_32_64_BIT)";
				GCC_C_LANGUAGE_STANDARD = gnu99;
				GCC_VERSION = com.apple.compilers.llvm.clang.1_0;
				GCC_WARN_64_TO_32_BIT_CONVERSION = YES;
				GCC_WARN_ABOUT_RETURN_TYPE = YES;
				GCC_WARN_UNUSED_VARIABLE = YES;
				MACOSX_DEPLOYMENT_TARGET = 10.6;
				SDKROOT = macosx;
			};
			name = Release;
		};
		9C1027BA13D9EDFD00B3A7A2 /* Debug */ = {
			isa = XCBuildConfiguration;
			buildSettings = {
				ALWAYS_SEARCH_USER_PATHS = NO;
				COPY_PHASE_STRIP = NO;
				GCC_DYNAMIC_NO_PIC = NO;
				GCC_ENABLE_OBJC_EXCEPTIONS = YES;
				GCC_PRECOMPILE_PREFIX_HEADER = YES;
				GCC_PREFIX_HEADER = "degrees_switcher/degrees_switcher-Prefix.pch";
				PRODUCT_NAME = "$(TARGET_NAME)";
			};
			name = Debug;
		};
		9C1027BB13D9EDFD00B3A7A2 /* Release */ = {
			isa = XCBuildConfiguration;
			buildSettings = {
				ALWAYS_SEARCH_USER_PATHS = NO;
				COPY_PHASE_STRIP = YES;
				DEBUG_INFORMATION_FORMAT = "dwarf-with-dsym";
				GCC_ENABLE_OBJC_EXCEPTIONS = YES;
				GCC_PRECOMPILE_PREFIX_HEADER = YES;
				GCC_PREFIX_HEADER = "degrees_switcher/degrees_switcher-Prefix.pch";
				PRODUCT_NAME = "$(TARGET_NAME)";
			};
			name = Release;
		};
/* End XCBuildConfiguration section */

/* Begin XCConfigurationList section */
		9C1027A513D9EDFD00B3A7A2 /* Build configuration list for PBXProject "degrees_switcher" */ = {
			isa = XCConfigurationList;
			buildConfigurations = (
				9C1027B713D9EDFD00B3A7A2 /* Debug */,
				9C1027B813D9EDFD00B3A7A2 /* Release */,
			);
			defaultConfigurationIsVisible = 0;
			defaultConfigurationName = Release;
		};
		9C1027B913D9EDFD00B3A7A2 /* Build configuration list for PBXNativeTarget "degrees_switcher" */ = {
			isa = XCConfigurationList;
			buildConfigurations = (
				9C1027BA13D9EDFD00B3A7A2 /* Debug */,
				9C1027BB13D9EDFD00B3A7A2 /* Release */,
			);
			defaultConfigurationIsVisible = 0;
		};
/* End XCConfigurationList section */
	};
	rootObject = 9C1027A213D9EDFD00B3A7A2 /* Project object */;
}
