// !$*UTF8*$!
{
	archiveVersion = 1;
	classes = {
	};
	objectVersion = 46;
	objects = {

/* Begin PBXBuildFile section */
		9C13329D13E20E1100BFB678 /* Foundation.framework in Frameworks */ = {isa = PBXBuildFile; fileRef = 9C13329C13E20E1100BFB678 /* Foundation.framework */; };
		9C1332A013E20E1100BFB678 /* main.m in Sources */ = {isa = PBXBuildFile; fileRef = 9C13329F13E20E1100BFB678 /* main.m */; };
/* End PBXBuildFile section */

/* Begin PBXCopyFilesBuildPhase section */
		9C13329613E20E1000BFB678 /* CopyFiles */ = {
			isa = PBXCopyFilesBuildPhase;
			buildActionMask = 2147483647;
			dstPath = /usr/share/man/man1/;
			dstSubfolderSpec = 0;
			files = (
			);
			runOnlyForDeploymentPostprocessing = 1;
		};
/* End PBXCopyFilesBuildPhase section */

/* Begin PBXFileReference section */
		9C13329813E20E1000BFB678 /* composite_objects */ = {isa = PBXFileReference; explicitFileType = "compiled.mach-o.executable"; includeInIndex = 0; path = composite_objects; sourceTree = BUILT_PRODUCTS_DIR; };
		9C13329C13E20E1100BFB678 /* Foundation.framework */ = {isa = PBXFileReference; lastKnownFileType = wrapper.framework; name = Foundation.framework; path = System/Library/Frameworks/Foundation.framework; sourceTree = SDKROOT; };
		9C13329F13E20E1100BFB678 /* main.m */ = {isa = PBXFileReference; lastKnownFileType = sourcecode.c.objc; path = main.m; sourceTree = "<group>"; };
		9C1332A213E20E1100BFB678 /* composite_objects-Prefix.pch */ = {isa = PBXFileReference; lastKnownFileType = sourcecode.c.h; path = "composite_objects-Prefix.pch"; sourceTree = "<group>"; };
		9C1332A313E20E1100BFB678 /* composite_objects.1 */ = {isa = PBXFileReference; lastKnownFileType = text.man; path = composite_objects.1; sourceTree = "<group>"; };
/* End PBXFileReference section */

/* Begin PBXFrameworksBuildPhase section */
		9C13329513E20E1000BFB678 /* Frameworks */ = {
			isa = PBXFrameworksBuildPhase;
			buildActionMask = 2147483647;
			files = (
				9C13329D13E20E1100BFB678 /* Foundation.framework in Frameworks */,
			);
			runOnlyForDeploymentPostprocessing = 0;
		};
/* End PBXFrameworksBuildPhase section */

/* Begin PBXGroup section */
		9C13328D13E20E1000BFB678 = {
			isa = PBXGroup;
			children = (
				9C13329E13E20E1100BFB678 /* composite_objects */,
				9C13329B13E20E1100BFB678 /* Frameworks */,
				9C13329913E20E1000BFB678 /* Products */,
			);
			sourceTree = "<group>";
		};
		9C13329913E20E1000BFB678 /* Products */ = {
			isa = PBXGroup;
			children = (
				9C13329813E20E1000BFB678 /* composite_objects */,
			);
			name = Products;
			sourceTree = "<group>";
		};
		9C13329B13E20E1100BFB678 /* Frameworks */ = {
			isa = PBXGroup;
			children = (
				9C13329C13E20E1100BFB678 /* Foundation.framework */,
			);
			name = Frameworks;
			sourceTree = "<group>";
		};
		9C13329E13E20E1100BFB678 /* composite_objects */ = {
			isa = PBXGroup;
			children = (
				9C13329F13E20E1100BFB678 /* main.m */,
				9C1332A313E20E1100BFB678 /* composite_objects.1 */,
				9C1332A113E20E1100BFB678 /* Supporting Files */,
			);
			path = composite_objects;
			sourceTree = "<group>";
		};
		9C1332A113E20E1100BFB678 /* Supporting Files */ = {
			isa = PBXGroup;
			children = (
				9C1332A213E20E1100BFB678 /* composite_objects-Prefix.pch */,
			);
			name = "Supporting Files";
			sourceTree = "<group>";
		};
/* End PBXGroup section */

/* Begin PBXNativeTarget section */
		9C13329713E20E1000BFB678 /* composite_objects */ = {
			isa = PBXNativeTarget;
			buildConfigurationList = 9C1332A613E20E1100BFB678 /* Build configuration list for PBXNativeTarget "composite_objects" */;
			buildPhases = (
				9C13329413E20E1000BFB678 /* Sources */,
				9C13329513E20E1000BFB678 /* Frameworks */,
				9C13329613E20E1000BFB678 /* CopyFiles */,
			);
			buildRules = (
			);
			dependencies = (
			);
			name = composite_objects;
			productName = composite_objects;
			productReference = 9C13329813E20E1000BFB678 /* composite_objects */;
			productType = "com.apple.product-type.tool";
		};
/* End PBXNativeTarget section */

/* Begin PBXProject section */
		9C13328F13E20E1000BFB678 /* Project object */ = {
			isa = PBXProject;
			attributes = {
				ORGANIZATIONNAME = "Convo Communications";
			};
			buildConfigurationList = 9C13329213E20E1000BFB678 /* Build configuration list for PBXProject "composite_objects" */;
			compatibilityVersion = "Xcode 3.2";
			developmentRegion = English;
			hasScannedForEncodings = 0;
			knownRegions = (
				en,
			);
			mainGroup = 9C13328D13E20E1000BFB678;
			productRefGroup = 9C13329913E20E1000BFB678 /* Products */;
			projectDirPath = "";
			projectRoot = "";
			targets = (
				9C13329713E20E1000BFB678 /* composite_objects */,
			);
		};
/* End PBXProject section */

/* Begin PBXSourcesBuildPhase section */
		9C13329413E20E1000BFB678 /* Sources */ = {
			isa = PBXSourcesBuildPhase;
			buildActionMask = 2147483647;
			files = (
				9C1332A013E20E1100BFB678 /* main.m in Sources */,
			);
			runOnlyForDeploymentPostprocessing = 0;
		};
/* End PBXSourcesBuildPhase section */

/* Begin XCBuildConfiguration section */
		9C1332A413E20E1100BFB678 /* Debug */ = {
			isa = XCBuildConfiguration;
			buildSettings = {
				ARCHS = "$(ARCHS_STANDARD_32_64_BIT)";
				GCC_C_LANGUAGE_STANDARD = gnu99;
				GCC_OPTIMIZATION_LEVEL = 0;
				GCC_PREPROCESSOR_DEFINITIONS = DEBUG;
				GCC_SYMBOLS_PRIVATE_EXTERN = NO;
				GCC_VERSION = com.apple.compilers.llvm.clang.1_0;
				GCC_WARN_64_TO_32_BIT_CONVERSION = YES;
				GCC_WARN_ABOUT_RETURN_TYPE = YES;
				GCC_WARN_UNUSED_VARIABLE = YES;
				MACOSX_DEPLOYMENT_TARGET = 10.6;
				ONLY_ACTIVE_ARCH = YES;
				SDKROOT = macosx;
			};
			name = Debug;
		};
		9C1332A513E20E1100BFB678 /* Release */ = {
			isa = XCBuildConfiguration;
			buildSettings = {
				ARCHS = "$(ARCHS_STANDARD_32_64_BIT)";
				GCC_C_LANGUAGE_STANDARD = gnu99;
				GCC_VERSION = com.apple.compilers.llvm.clang.1_0;
				GCC_WARN_64_TO_32_BIT_CONVERSION = YES;
				GCC_WARN_ABOUT_RETURN_TYPE = YES;
				GCC_WARN_UNUSED_VARIABLE = YES;
				MACOSX_DEPLOYMENT_TARGET = 10.6;
				SDKROOT = macosx;
			};
			name = Release;
		};
		9C1332A713E20E1100BFB678 /* Debug */ = {
			isa = XCBuildConfiguration;
			buildSettings = {
				ALWAYS_SEARCH_USER_PATHS = NO;
				COPY_PHASE_STRIP = NO;
				GCC_DYNAMIC_NO_PIC = NO;
				GCC_ENABLE_OBJC_EXCEPTIONS = YES;
				GCC_PRECOMPILE_PREFIX_HEADER = YES;
				GCC_PREFIX_HEADER = "composite_objects/composite_objects-Prefix.pch";
				PRODUCT_NAME = "$(TARGET_NAME)";
			};
			name = Debug;
		};
		9C1332A813E20E1100BFB678 /* Release */ = {
			isa = XCBuildConfiguration;
			buildSettings = {
				ALWAYS_SEARCH_USER_PATHS = NO;
				COPY_PHASE_STRIP = YES;
				DEBUG_INFORMATION_FORMAT = "dwarf-with-dsym";
				GCC_ENABLE_OBJC_EXCEPTIONS = YES;
				GCC_PRECOMPILE_PREFIX_HEADER = YES;
				GCC_PREFIX_HEADER = "composite_objects/composite_objects-Prefix.pch";
				PRODUCT_NAME = "$(TARGET_NAME)";
			};
			name = Release;
		};
/* End XCBuildConfiguration section */

/* Begin XCConfigurationList section */
		9C13329213E20E1000BFB678 /* Build configuration list for PBXProject "composite_objects" */ = {
			isa = XCConfigurationList;
			buildConfigurations = (
				9C1332A413E20E1100BFB678 /* Debug */,
				9C1332A513E20E1100BFB678 /* Release */,
			);
			defaultConfigurationIsVisible = 0;
			defaultConfigurationName = Release;
		};
		9C1332A613E20E1100BFB678 /* Build configuration list for PBXNativeTarget "composite_objects" */ = {
			isa = XCConfigurationList;
			buildConfigurations = (
				9C1332A713E20E1100BFB678 /* Debug */,
				9C1332A813E20E1100BFB678 /* Release */,
			);
			defaultConfigurationIsVisible = 0;
		};
/* End XCConfigurationList section */
	};
	rootObject = 9C13328F13E20E1000BFB678 /* Project object */;
}
