// !$*UTF8*$!
{
	archiveVersion = 1;
	classes = {
	};
	objectVersion = 46;
	objects = {

/* Begin PBXBuildFile section */
		9C1028B013DA1C9F00B3A7A2 /* Foundation.framework in Frameworks */ = {isa = PBXBuildFile; fileRef = 9C1028AF13DA1C9F00B3A7A2 /* Foundation.framework */; };
		9C1028B313DA1C9F00B3A7A2 /* main.m in Sources */ = {isa = PBXBuildFile; fileRef = 9C1028B213DA1C9F00B3A7A2 /* main.m */; };
/* End PBXBuildFile section */

/* Begin PBXCopyFilesBuildPhase section */
		9C1028A913DA1C9F00B3A7A2 /* CopyFiles */ = {
			isa = PBXCopyFilesBuildPhase;
			buildActionMask = 2147483647;
			dstPath = /usr/share/man/man1/;
			dstSubfolderSpec = 0;
			files = (
			);
			runOnlyForDeploymentPostprocessing = 1;
		};
/* End PBXCopyFilesBuildPhase section */

/* Begin PBXFileReference section */
		9C1028AB13DA1C9F00B3A7A2 /* do_loops */ = {isa = PBXFileReference; explicitFileType = "compiled.mach-o.executable"; includeInIndex = 0; path = do_loops; sourceTree = BUILT_PRODUCTS_DIR; };
		9C1028AF13DA1C9F00B3A7A2 /* Foundation.framework */ = {isa = PBXFileReference; lastKnownFileType = wrapper.framework; name = Foundation.framework; path = System/Library/Frameworks/Foundation.framework; sourceTree = SDKROOT; };
		9C1028B213DA1C9F00B3A7A2 /* main.m */ = {isa = PBXFileReference; lastKnownFileType = sourcecode.c.objc; path = main.m; sourceTree = "<group>"; };
		9C1028B513DA1C9F00B3A7A2 /* do_loops-Prefix.pch */ = {isa = PBXFileReference; lastKnownFileType = sourcecode.c.h; path = "do_loops-Prefix.pch"; sourceTree = "<group>"; };
		9C1028B613DA1C9F00B3A7A2 /* do_loops.1 */ = {isa = PBXFileReference; lastKnownFileType = text.man; path = do_loops.1; sourceTree = "<group>"; };
/* End PBXFileReference section */

/* Begin PBXFrameworksBuildPhase section */
		9C1028A813DA1C9F00B3A7A2 /* Frameworks */ = {
			isa = PBXFrameworksBuildPhase;
			buildActionMask = 2147483647;
			files = (
				9C1028B013DA1C9F00B3A7A2 /* Foundation.framework in Frameworks */,
			);
			runOnlyForDeploymentPostprocessing = 0;
		};
/* End PBXFrameworksBuildPhase section */

/* Begin PBXGroup section */
		9C1028A013DA1C9F00B3A7A2 = {
			isa = PBXGroup;
			children = (
				9C1028B113DA1C9F00B3A7A2 /* do_loops */,
				9C1028AE13DA1C9F00B3A7A2 /* Frameworks */,
				9C1028AC13DA1C9F00B3A7A2 /* Products */,
			);
			sourceTree = "<group>";
		};
		9C1028AC13DA1C9F00B3A7A2 /* Products */ = {
			isa = PBXGroup;
			children = (
				9C1028AB13DA1C9F00B3A7A2 /* do_loops */,
			);
			name = Products;
			sourceTree = "<group>";
		};
		9C1028AE13DA1C9F00B3A7A2 /* Frameworks */ = {
			isa = PBXGroup;
			children = (
				9C1028AF13DA1C9F00B3A7A2 /* Foundation.framework */,
			);
			name = Frameworks;
			sourceTree = "<group>";
		};
		9C1028B113DA1C9F00B3A7A2 /* do_loops */ = {
			isa = PBXGroup;
			children = (
				9C1028B213DA1C9F00B3A7A2 /* main.m */,
				9C1028B613DA1C9F00B3A7A2 /* do_loops.1 */,
				9C1028B413DA1C9F00B3A7A2 /* Supporting Files */,
			);
			path = do_loops;
			sourceTree = "<group>";
		};
		9C1028B413DA1C9F00B3A7A2 /* Supporting Files */ = {
			isa = PBXGroup;
			children = (
				9C1028B513DA1C9F00B3A7A2 /* do_loops-Prefix.pch */,
			);
			name = "Supporting Files";
			sourceTree = "<group>";
		};
/* End PBXGroup section */

/* Begin PBXNativeTarget section */
		9C1028AA13DA1C9F00B3A7A2 /* do_loops */ = {
			isa = PBXNativeTarget;
			buildConfigurationList = 9C1028B913DA1C9F00B3A7A2 /* Build configuration list for PBXNativeTarget "do_loops" */;
			buildPhases = (
				9C1028A713DA1C9F00B3A7A2 /* Sources */,
				9C1028A813DA1C9F00B3A7A2 /* Frameworks */,
				9C1028A913DA1C9F00B3A7A2 /* CopyFiles */,
			);
			buildRules = (
			);
			dependencies = (
			);
			name = do_loops;
			productName = do_loops;
			productReference = 9C1028AB13DA1C9F00B3A7A2 /* do_loops */;
			productType = "com.apple.product-type.tool";
		};
/* End PBXNativeTarget section */

/* Begin PBXProject section */
		9C1028A213DA1C9F00B3A7A2 /* Project object */ = {
			isa = PBXProject;
			attributes = {
				ORGANIZATIONNAME = "Convo Communications";
			};
			buildConfigurationList = 9C1028A513DA1C9F00B3A7A2 /* Build configuration list for PBXProject "do_loops" */;
			compatibilityVersion = "Xcode 3.2";
			developmentRegion = English;
			hasScannedForEncodings = 0;
			knownRegions = (
				en,
			);
			mainGroup = 9C1028A013DA1C9F00B3A7A2;
			productRefGroup = 9C1028AC13DA1C9F00B3A7A2 /* Products */;
			projectDirPath = "";
			projectRoot = "";
			targets = (
				9C1028AA13DA1C9F00B3A7A2 /* do_loops */,
			);
		};
/* End PBXProject section */

/* Begin PBXSourcesBuildPhase section */
		9C1028A713DA1C9F00B3A7A2 /* Sources */ = {
			isa = PBXSourcesBuildPhase;
			buildActionMask = 2147483647;
			files = (
				9C1028B313DA1C9F00B3A7A2 /* main.m in Sources */,
			);
			runOnlyForDeploymentPostprocessing = 0;
		};
/* End PBXSourcesBuildPhase section */

/* Begin XCBuildConfiguration section */
		9C1028B713DA1C9F00B3A7A2 /* Debug */ = {
			isa = XCBuildConfiguration;
			buildSettings = {
				ARCHS = "$(ARCHS_STANDARD_32_64_BIT)";
				GCC_C_LANGUAGE_STANDARD = gnu99;
				GCC_OPTIMIZATION_LEVEL = 0;
				GCC_PREPROCESSOR_DEFINITIONS = DEBUG;
				GCC_SYMBOLS_PRIVATE_EXTERN = NO;
				GCC_VERSION = com.apple.compilers.llvm.clang.1_0;
				GCC_WARN_64_TO_32_BIT_CONVERSION = YES;
				GCC_WARN_ABOUT_RETURN_TYPE = YES;
				GCC_WARN_UNUSED_VARIABLE = YES;
				MACOSX_DEPLOYMENT_TARGET = 10.6;
				ONLY_ACTIVE_ARCH = YES;
				SDKROOT = macosx;
			};
			name = Debug;
		};
		9C1028B813DA1C9F00B3A7A2 /* Release */ = {
			isa = XCBuildConfiguration;
			buildSettings = {
				ARCHS = "$(ARCHS_STANDARD_32_64_BIT)";
				GCC_C_LANGUAGE_STANDARD = gnu99;
				GCC_VERSION = com.apple.compilers.llvm.clang.1_0;
				GCC_WARN_64_TO_32_BIT_CONVERSION = YES;
				GCC_WARN_ABOUT_RETURN_TYPE = YES;
				GCC_WARN_UNUSED_VARIABLE = YES;
				MACOSX_DEPLOYMENT_TARGET = 10.6;
				SDKROOT = macosx;
			};
			name = Release;
		};
		9C1028BA13DA1C9F00B3A7A2 /* Debug */ = {
			isa = XCBuildConfiguration;
			buildSettings = {
				ALWAYS_SEARCH_USER_PATHS = NO;
				COPY_PHASE_STRIP = NO;
				GCC_DYNAMIC_NO_PIC = NO;
				GCC_ENABLE_OBJC_EXCEPTIONS = YES;
				GCC_PRECOMPILE_PREFIX_HEADER = YES;
				GCC_PREFIX_HEADER = "do_loops/do_loops-Prefix.pch";
				PRODUCT_NAME = "$(TARGET_NAME)";
			};
			name = Debug;
		};
		9C1028BB13DA1C9F00B3A7A2 /* Release */ = {
			isa = XCBuildConfiguration;
			buildSettings = {
				ALWAYS_SEARCH_USER_PATHS = NO;
				COPY_PHASE_STRIP = YES;
				DEBUG_INFORMATION_FORMAT = "dwarf-with-dsym";
				GCC_ENABLE_OBJC_EXCEPTIONS = YES;
				GCC_PRECOMPILE_PREFIX_HEADER = YES;
				GCC_PREFIX_HEADER = "do_loops/do_loops-Prefix.pch";
				PRODUCT_NAME = "$(TARGET_NAME)";
			};
			name = Release;
		};
/* End XCBuildConfiguration section */

/* Begin XCConfigurationList section */
		9C1028A513DA1C9F00B3A7A2 /* Build configuration list for PBXProject "do_loops" */ = {
			isa = XCConfigurationList;
			buildConfigurations = (
				9C1028B713DA1C9F00B3A7A2 /* Debug */,
				9C1028B813DA1C9F00B3A7A2 /* Release */,
			);
			defaultConfigurationIsVisible = 0;
			defaultConfigurationName = Release;
		};
		9C1028B913DA1C9F00B3A7A2 /* Build configuration list for PBXNativeTarget "do_loops" */ = {
			isa = XCConfigurationList;
			buildConfigurations = (
				9C1028BA13DA1C9F00B3A7A2 /* Debug */,
				9C1028BB13DA1C9F00B3A7A2 /* Release */,
			);
			defaultConfigurationIsVisible = 0;
		};
/* End XCConfigurationList section */
	};
	rootObject = 9C1028A213DA1C9F00B3A7A2 /* Project object */;
}
