// !$*UTF8*$!
{
	archiveVersion = 1;
	classes = {
	};
	objectVersion = 46;
	objects = {

/* Begin PBXBuildFile section */
		9C10287813DA1B0500B3A7A2 /* Foundation.framework in Frameworks */ = {isa = PBXBuildFile; fileRef = 9C10287713DA1B0500B3A7A2 /* Foundation.framework */; };
		9C10287B13DA1B0500B3A7A2 /* main.m in Sources */ = {isa = PBXBuildFile; fileRef = 9C10287A13DA1B0500B3A7A2 /* main.m */; };
/* End PBXBuildFile section */

/* Begin PBXCopyFilesBuildPhase section */
		9C10287113DA1B0500B3A7A2 /* CopyFiles */ = {
			isa = PBXCopyFilesBuildPhase;
			buildActionMask = 2147483647;
			dstPath = /usr/share/man/man1/;
			dstSubfolderSpec = 0;
			files = (
			);
			runOnlyForDeploymentPostprocessing = 1;
		};
/* End PBXCopyFilesBuildPhase section */

/* Begin PBXFileReference section */
		9C10287313DA1B0500B3A7A2 /* while_loops */ = {isa = PBXFileReference; explicitFileType = "compiled.mach-o.executable"; includeInIndex = 0; path = while_loops; sourceTree = BUILT_PRODUCTS_DIR; };
		9C10287713DA1B0500B3A7A2 /* Foundation.framework */ = {isa = PBXFileReference; lastKnownFileType = wrapper.framework; name = Foundation.framework; path = System/Library/Frameworks/Foundation.framework; sourceTree = SDKROOT; };
		9C10287A13DA1B0500B3A7A2 /* main.m */ = {isa = PBXFileReference; lastKnownFileType = sourcecode.c.objc; path = main.m; sourceTree = "<group>"; };
		9C10287D13DA1B0500B3A7A2 /* while_loops-Prefix.pch */ = {isa = PBXFileReference; lastKnownFileType = sourcecode.c.h; path = "while_loops-Prefix.pch"; sourceTree = "<group>"; };
		9C10287E13DA1B0500B3A7A2 /* while_loops.1 */ = {isa = PBXFileReference; lastKnownFileType = text.man; path = while_loops.1; sourceTree = "<group>"; };
/* End PBXFileReference section */

/* Begin PBXFrameworksBuildPhase section */
		9C10287013DA1B0500B3A7A2 /* Frameworks */ = {
			isa = PBXFrameworksBuildPhase;
			buildActionMask = 2147483647;
			files = (
				9C10287813DA1B0500B3A7A2 /* Foundation.framework in Frameworks */,
			);
			runOnlyForDeploymentPostprocessing = 0;
		};
/* End PBXFrameworksBuildPhase section */

/* Begin PBXGroup section */
		9C10286813DA1B0500B3A7A2 = {
			isa = PBXGroup;
			children = (
				9C10287913DA1B0500B3A7A2 /* while_loops */,
				9C10287613DA1B0500B3A7A2 /* Frameworks */,
				9C10287413DA1B0500B3A7A2 /* Products */,
			);
			sourceTree = "<group>";
		};
		9C10287413DA1B0500B3A7A2 /* Products */ = {
			isa = PBXGroup;
			children = (
				9C10287313DA1B0500B3A7A2 /* while_loops */,
			);
			name = Products;
			sourceTree = "<group>";
		};
		9C10287613DA1B0500B3A7A2 /* Frameworks */ = {
			isa = PBXGroup;
			children = (
				9C10287713DA1B0500B3A7A2 /* Foundation.framework */,
			);
			name = Frameworks;
			sourceTree = "<group>";
		};
		9C10287913DA1B0500B3A7A2 /* while_loops */ = {
			isa = PBXGroup;
			children = (
				9C10287A13DA1B0500B3A7A2 /* main.m */,
				9C10287E13DA1B0500B3A7A2 /* while_loops.1 */,
				9C10287C13DA1B0500B3A7A2 /* Supporting Files */,
			);
			path = while_loops;
			sourceTree = "<group>";
		};
		9C10287C13DA1B0500B3A7A2 /* Supporting Files */ = {
			isa = PBXGroup;
			children = (
				9C10287D13DA1B0500B3A7A2 /* while_loops-Prefix.pch */,
			);
			name = "Supporting Files";
			sourceTree = "<group>";
		};
/* End PBXGroup section */

/* Begin PBXNativeTarget section */
		9C10287213DA1B0500B3A7A2 /* while_loops */ = {
			isa = PBXNativeTarget;
			buildConfigurationList = 9C10288113DA1B0500B3A7A2 /* Build configuration list for PBXNativeTarget "while_loops" */;
			buildPhases = (
				9C10286F13DA1B0500B3A7A2 /* Sources */,
				9C10287013DA1B0500B3A7A2 /* Frameworks */,
				9C10287113DA1B0500B3A7A2 /* CopyFiles */,
			);
			buildRules = (
			);
			dependencies = (
			);
			name = while_loops;
			productName = while_loops;
			productReference = 9C10287313DA1B0500B3A7A2 /* while_loops */;
			productType = "com.apple.product-type.tool";
		};
/* End PBXNativeTarget section */

/* Begin PBXProject section */
		9C10286A13DA1B0500B3A7A2 /* Project object */ = {
			isa = PBXProject;
			attributes = {
				ORGANIZATIONNAME = "Convo Communications";
			};
			buildConfigurationList = 9C10286D13DA1B0500B3A7A2 /* Build configuration list for PBXProject "while_loops" */;
			compatibilityVersion = "Xcode 3.2";
			developmentRegion = English;
			hasScannedForEncodings = 0;
			knownRegions = (
				en,
			);
			mainGroup = 9C10286813DA1B0500B3A7A2;
			productRefGroup = 9C10287413DA1B0500B3A7A2 /* Products */;
			projectDirPath = "";
			projectRoot = "";
			targets = (
				9C10287213DA1B0500B3A7A2 /* while_loops */,
			);
		};
/* End PBXProject section */

/* Begin PBXSourcesBuildPhase section */
		9C10286F13DA1B0500B3A7A2 /* Sources */ = {
			isa = PBXSourcesBuildPhase;
			buildActionMask = 2147483647;
			files = (
				9C10287B13DA1B0500B3A7A2 /* main.m in Sources */,
			);
			runOnlyForDeploymentPostprocessing = 0;
		};
/* End PBXSourcesBuildPhase section */

/* Begin XCBuildConfiguration section */
		9C10287F13DA1B0500B3A7A2 /* Debug */ = {
			isa = XCBuildConfiguration;
			buildSettings = {
				ARCHS = "$(ARCHS_STANDARD_32_64_BIT)";
				GCC_C_LANGUAGE_STANDARD = gnu99;
				GCC_OPTIMIZATION_LEVEL = 0;
				GCC_PREPROCESSOR_DEFINITIONS = DEBUG;
				GCC_SYMBOLS_PRIVATE_EXTERN = NO;
				GCC_VERSION = com.apple.compilers.llvm.clang.1_0;
				GCC_WARN_64_TO_32_BIT_CONVERSION = YES;
				GCC_WARN_ABOUT_RETURN_TYPE = YES;
				GCC_WARN_UNUSED_VARIABLE = YES;
				MACOSX_DEPLOYMENT_TARGET = 10.6;
				ONLY_ACTIVE_ARCH = YES;
				SDKROOT = macosx;
			};
			name = Debug;
		};
		9C10288013DA1B0500B3A7A2 /* Release */ = {
			isa = XCBuildConfiguration;
			buildSettings = {
				ARCHS = "$(ARCHS_STANDARD_32_64_BIT)";
				GCC_C_LANGUAGE_STANDARD = gnu99;
				GCC_VERSION = com.apple.compilers.llvm.clang.1_0;
				GCC_WARN_64_TO_32_BIT_CONVERSION = YES;
				GCC_WARN_ABOUT_RETURN_TYPE = YES;
				GCC_WARN_UNUSED_VARIABLE = YES;
				MACOSX_DEPLOYMENT_TARGET = 10.6;
				SDKROOT = macosx;
			};
			name = Release;
		};
		9C10288213DA1B0500B3A7A2 /* Debug */ = {
			isa = XCBuildConfiguration;
			buildSettings = {
				ALWAYS_SEARCH_USER_PATHS = NO;
				COPY_PHASE_STRIP = NO;
				GCC_DYNAMIC_NO_PIC = NO;
				GCC_ENABLE_OBJC_EXCEPTIONS = YES;
				GCC_PRECOMPILE_PREFIX_HEADER = YES;
				GCC_PREFIX_HEADER = "while_loops/while_loops-Prefix.pch";
				PRODUCT_NAME = "$(TARGET_NAME)";
			};
			name = Debug;
		};
		9C10288313DA1B0500B3A7A2 /* Release */ = {
			isa = XCBuildConfiguration;
			buildSettings = {
				ALWAYS_SEARCH_USER_PATHS = NO;
				COPY_PHASE_STRIP = YES;
				DEBUG_INFORMATION_FORMAT = "dwarf-with-dsym";
				GCC_ENABLE_OBJC_EXCEPTIONS = YES;
				GCC_PRECOMPILE_PREFIX_HEADER = YES;
				GCC_PREFIX_HEADER = "while_loops/while_loops-Prefix.pch";
				PRODUCT_NAME = "$(TARGET_NAME)";
			};
			name = Release;
		};
/* End XCBuildConfiguration section */

/* Begin XCConfigurationList section */
		9C10286D13DA1B0500B3A7A2 /* Build configuration list for PBXProject "while_loops" */ = {
			isa = XCConfigurationList;
			buildConfigurations = (
				9C10287F13DA1B0500B3A7A2 /* Debug */,
				9C10288013DA1B0500B3A7A2 /* Release */,
			);
			defaultConfigurationIsVisible = 0;
			defaultConfigurationName = Release;
		};
		9C10288113DA1B0500B3A7A2 /* Build configuration list for PBXNativeTarget "while_loops" */ = {
			isa = XCConfigurationList;
			buildConfigurations = (
				9C10288213DA1B0500B3A7A2 /* Debug */,
				9C10288313DA1B0500B3A7A2 /* Release */,
			);
			defaultConfigurationIsVisible = 0;
		};
/* End XCConfigurationList section */
	};
	rootObject = 9C10286A13DA1B0500B3A7A2 /* Project object */;
}
