// !$*UTF8*$!
{
	archiveVersion = 1;
	classes = {
	};
	objectVersion = 46;
	objects = {

/* Begin PBXBuildFile section */
		9C1027CC13D9F43600B3A7A2 /* Foundation.framework in Frameworks */ = {isa = PBXBuildFile; fileRef = 9C1027CB13D9F43600B3A7A2 /* Foundation.framework */; };
		9C1027CF13D9F43600B3A7A2 /* main.m in Sources */ = {isa = PBXBuildFile; fileRef = 9C1027CE13D9F43600B3A7A2 /* main.m */; };
/* End PBXBuildFile section */

/* Begin PBXCopyFilesBuildPhase section */
		9C1027C513D9F43600B3A7A2 /* CopyFiles */ = {
			isa = PBXCopyFilesBuildPhase;
			buildActionMask = 2147483647;
			dstPath = /usr/share/man/man1/;
			dstSubfolderSpec = 0;
			files = (
			);
			runOnlyForDeploymentPostprocessing = 1;
		};
/* End PBXCopyFilesBuildPhase section */

/* Begin PBXFileReference section */
		9C1027C713D9F43600B3A7A2 /* polynomial_solver */ = {isa = PBXFileReference; explicitFileType = "compiled.mach-o.executable"; includeInIndex = 0; path = polynomial_solver; sourceTree = BUILT_PRODUCTS_DIR; };
		9C1027CB13D9F43600B3A7A2 /* Foundation.framework */ = {isa = PBXFileReference; lastKnownFileType = wrapper.framework; name = Foundation.framework; path = System/Library/Frameworks/Foundation.framework; sourceTree = SDKROOT; };
		9C1027CE13D9F43600B3A7A2 /* main.m */ = {isa = PBXFileReference; lastKnownFileType = sourcecode.c.objc; path = main.m; sourceTree = "<group>"; };
		9C1027D113D9F43600B3A7A2 /* polynomial_solver-Prefix.pch */ = {isa = PBXFileReference; lastKnownFileType = sourcecode.c.h; path = "polynomial_solver-Prefix.pch"; sourceTree = "<group>"; };
		9C1027D213D9F43600B3A7A2 /* polynomial_solver.1 */ = {isa = PBXFileReference; lastKnownFileType = text.man; path = polynomial_solver.1; sourceTree = "<group>"; };
/* End PBXFileReference section */

/* Begin PBXFrameworksBuildPhase section */
		9C1027C413D9F43600B3A7A2 /* Frameworks */ = {
			isa = PBXFrameworksBuildPhase;
			buildActionMask = 2147483647;
			files = (
				9C1027CC13D9F43600B3A7A2 /* Foundation.framework in Frameworks */,
			);
			runOnlyForDeploymentPostprocessing = 0;
		};
/* End PBXFrameworksBuildPhase section */

/* Begin PBXGroup section */
		9C1027BC13D9F43600B3A7A2 = {
			isa = PBXGroup;
			children = (
				9C1027CD13D9F43600B3A7A2 /* polynomial_solver */,
				9C1027CA13D9F43600B3A7A2 /* Frameworks */,
				9C1027C813D9F43600B3A7A2 /* Products */,
			);
			sourceTree = "<group>";
		};
		9C1027C813D9F43600B3A7A2 /* Products */ = {
			isa = PBXGroup;
			children = (
				9C1027C713D9F43600B3A7A2 /* polynomial_solver */,
			);
			name = Products;
			sourceTree = "<group>";
		};
		9C1027CA13D9F43600B3A7A2 /* Frameworks */ = {
			isa = PBXGroup;
			children = (
				9C1027CB13D9F43600B3A7A2 /* Foundation.framework */,
			);
			name = Frameworks;
			sourceTree = "<group>";
		};
		9C1027CD13D9F43600B3A7A2 /* polynomial_solver */ = {
			isa = PBXGroup;
			children = (
				9C1027CE13D9F43600B3A7A2 /* main.m */,
				9C1027D213D9F43600B3A7A2 /* polynomial_solver.1 */,
				9C1027D013D9F43600B3A7A2 /* Supporting Files */,
			);
			path = polynomial_solver;
			sourceTree = "<group>";
		};
		9C1027D013D9F43600B3A7A2 /* Supporting Files */ = {
			isa = PBXGroup;
			children = (
				9C1027D113D9F43600B3A7A2 /* polynomial_solver-Prefix.pch */,
			);
			name = "Supporting Files";
			sourceTree = "<group>";
		};
/* End PBXGroup section */

/* Begin PBXNativeTarget section */
		9C1027C613D9F43600B3A7A2 /* polynomial_solver */ = {
			isa = PBXNativeTarget;
			buildConfigurationList = 9C1027D513D9F43600B3A7A2 /* Build configuration list for PBXNativeTarget "polynomial_solver" */;
			buildPhases = (
				9C1027C313D9F43600B3A7A2 /* Sources */,
				9C1027C413D9F43600B3A7A2 /* Frameworks */,
				9C1027C513D9F43600B3A7A2 /* CopyFiles */,
			);
			buildRules = (
			);
			dependencies = (
			);
			name = polynomial_solver;
			productName = polynomial_solver;
			productReference = 9C1027C713D9F43600B3A7A2 /* polynomial_solver */;
			productType = "com.apple.product-type.tool";
		};
/* End PBXNativeTarget section */

/* Begin PBXProject section */
		9C1027BE13D9F43600B3A7A2 /* Project object */ = {
			isa = PBXProject;
			attributes = {
				ORGANIZATIONNAME = "Convo Communications";
			};
			buildConfigurationList = 9C1027C113D9F43600B3A7A2 /* Build configuration list for PBXProject "polynomial_solver" */;
			compatibilityVersion = "Xcode 3.2";
			developmentRegion = English;
			hasScannedForEncodings = 0;
			knownRegions = (
				en,
			);
			mainGroup = 9C1027BC13D9F43600B3A7A2;
			productRefGroup = 9C1027C813D9F43600B3A7A2 /* Products */;
			projectDirPath = "";
			projectRoot = "";
			targets = (
				9C1027C613D9F43600B3A7A2 /* polynomial_solver */,
			);
		};
/* End PBXProject section */

/* Begin PBXSourcesBuildPhase section */
		9C1027C313D9F43600B3A7A2 /* Sources */ = {
			isa = PBXSourcesBuildPhase;
			buildActionMask = 2147483647;
			files = (
				9C1027CF13D9F43600B3A7A2 /* main.m in Sources */,
			);
			runOnlyForDeploymentPostprocessing = 0;
		};
/* End PBXSourcesBuildPhase section */

/* Begin XCBuildConfiguration section */
		9C1027D313D9F43600B3A7A2 /* Debug */ = {
			isa = XCBuildConfiguration;
			buildSettings = {
				ARCHS = "$(ARCHS_STANDARD_32_64_BIT)";
				GCC_C_LANGUAGE_STANDARD = gnu99;
				GCC_OPTIMIZATION_LEVEL = 0;
				GCC_PREPROCESSOR_DEFINITIONS = DEBUG;
				GCC_SYMBOLS_PRIVATE_EXTERN = NO;
				GCC_VERSION = com.apple.compilers.llvm.clang.1_0;
				GCC_WARN_64_TO_32_BIT_CONVERSION = YES;
				GCC_WARN_ABOUT_RETURN_TYPE = YES;
				GCC_WARN_UNUSED_VARIABLE = YES;
				MACOSX_DEPLOYMENT_TARGET = 10.6;
				ONLY_ACTIVE_ARCH = YES;
				SDKROOT = macosx;
			};
			name = Debug;
		};
		9C1027D413D9F43600B3A7A2 /* Release */ = {
			isa = XCBuildConfiguration;
			buildSettings = {
				ARCHS = "$(ARCHS_STANDARD_32_64_BIT)";
				GCC_C_LANGUAGE_STANDARD = gnu99;
				GCC_VERSION = com.apple.compilers.llvm.clang.1_0;
				GCC_WARN_64_TO_32_BIT_CONVERSION = YES;
				GCC_WARN_ABOUT_RETURN_TYPE = YES;
				GCC_WARN_UNUSED_VARIABLE = YES;
				MACOSX_DEPLOYMENT_TARGET = 10.6;
				SDKROOT = macosx;
			};
			name = Release;
		};
		9C1027D613D9F43600B3A7A2 /* Debug */ = {
			isa = XCBuildConfiguration;
			buildSettings = {
				ALWAYS_SEARCH_USER_PATHS = NO;
				COPY_PHASE_STRIP = NO;
				GCC_DYNAMIC_NO_PIC = NO;
				GCC_ENABLE_OBJC_EXCEPTIONS = YES;
				GCC_PRECOMPILE_PREFIX_HEADER = YES;
				GCC_PREFIX_HEADER = "polynomial_solver/polynomial_solver-Prefix.pch";
				PRODUCT_NAME = "$(TARGET_NAME)";
			};
			name = Debug;
		};
		9C1027D713D9F43600B3A7A2 /* Release */ = {
			isa = XCBuildConfiguration;
			buildSettings = {
				ALWAYS_SEARCH_USER_PATHS = NO;
				COPY_PHASE_STRIP = YES;
				DEBUG_INFORMATION_FORMAT = "dwarf-with-dsym";
				GCC_ENABLE_OBJC_EXCEPTIONS = YES;
				GCC_PRECOMPILE_PREFIX_HEADER = YES;
				GCC_PREFIX_HEADER = "polynomial_solver/polynomial_solver-Prefix.pch";
				PRODUCT_NAME = "$(TARGET_NAME)";
			};
			name = Release;
		};
/* End XCBuildConfiguration section */

/* Begin XCConfigurationList section */
		9C1027C113D9F43600B3A7A2 /* Build configuration list for PBXProject "polynomial_solver" */ = {
			isa = XCConfigurationList;
			buildConfigurations = (
				9C1027D313D9F43600B3A7A2 /* Debug */,
				9C1027D413D9F43600B3A7A2 /* Release */,
			);
			defaultConfigurationIsVisible = 0;
			defaultConfigurationName = Release;
		};
		9C1027D513D9F43600B3A7A2 /* Build configuration list for PBXNativeTarget "polynomial_solver" */ = {
			isa = XCConfigurationList;
			buildConfigurations = (
				9C1027D613D9F43600B3A7A2 /* Debug */,
				9C1027D713D9F43600B3A7A2 /* Release */,
			);
			defaultConfigurationIsVisible = 0;
		};
/* End XCConfigurationList section */
	};
	rootObject = 9C1027BE13D9F43600B3A7A2 /* Project object */;
}
